// !$*UTF8*$!
{
	archiveVersion = 1;
	classes = {
	};
	objectVersion = 50;
	objects = {

/* Begin PBXBuildFile section */
		40280F8B217ADDB1003223BB /* PaginationViewController.swift in Sources */ = {isa = PBXBuildFile; fileRef = 40280F8A217ADDB1003223BB /* PaginationViewController.swift */; };
		4060EE88217330BF0076B372 /* AppDelegate.swift in Sources */ = {isa = PBXBuildFile; fileRef = 4060EE87217330BF0076B372 /* AppDelegate.swift */; };
		4060EE8A217330BF0076B372 /* ViewController.swift in Sources */ = {isa = PBXBuildFile; fileRef = 4060EE89217330BF0076B372 /* ViewController.swift */; };
		4060EE8D217330BF0076B372 /* Main.storyboard in Resources */ = {isa = PBXBuildFile; fileRef = 4060EE8B217330BF0076B372 /* Main.storyboard */; };
		4060EE8F217330C10076B372 /* Assets.xcassets in Resources */ = {isa = PBXBuildFile; fileRef = 4060EE8E217330C10076B372 /* Assets.xcassets */; };
		4060EE92217330C10076B372 /* LaunchScreen.storyboard in Resources */ = {isa = PBXBuildFile; fileRef = 4060EE90217330C10076B372 /* LaunchScreen.storyboard */; };
		4060EE9D217330C10076B372 /* CollapsableTabOnNavViewTests.swift in Sources */ = {isa = PBXBuildFile; fileRef = 4060EE9C217330C10076B372 /* CollapsableTabOnNavViewTests.swift */; };
		4060EEAA217334670076B372 /* SegmentedCell.swift in Sources */ = {isa = PBXBuildFile; fileRef = 4060EEA8217334670076B372 /* SegmentedCell.swift */; };
		4060EEAB217334670076B372 /* SegmentedCell.xib in Resources */ = {isa = PBXBuildFile; fileRef = 4060EEA9217334670076B372 /* SegmentedCell.xib */; };
		4060EEAD217334990076B372 /* BaseCell.swift in Sources */ = {isa = PBXBuildFile; fileRef = 4060EEAC217334990076B372 /* BaseCell.swift */; };
		4060EEAF217334DB0076B372 /* BaseModel.swift in Sources */ = {isa = PBXBuildFile; fileRef = 4060EEAE217334DB0076B372 /* BaseModel.swift */; };
		4060EEBB21748E380076B372 /* PickerView.swift in Sources */ = {isa = PBXBuildFile; fileRef = 4060EEB921748E380076B372 /* PickerView.swift */; };
		4060EEBC21748E380076B372 /* PickerView.xib in Resources */ = {isa = PBXBuildFile; fileRef = 4060EEBA21748E380076B372 /* PickerView.xib */; };
		4060EEBE21748F130076B372 /* BaseView.swift in Sources */ = {isa = PBXBuildFile; fileRef = 4060EEBD21748F130076B372 /* BaseView.swift */; };
/* End PBXBuildFile section */

/* Begin PBXContainerItemProxy section */
		4060EE99217330C10076B372 /* PBXContainerItemProxy */ = {
			isa = PBXContainerItemProxy;
			containerPortal = 4060EE7C217330BF0076B372 /* Project object */;
			proxyType = 1;
			remoteGlobalIDString = 4060EE83217330BF0076B372;
			remoteInfo = CollapsableTabOnNavView;
		};
/* End PBXContainerItemProxy section */

/* Begin PBXFileReference section */
		40280F8A217ADDB1003223BB /* PaginationViewController.swift */ = {isa = PBXFileReference; lastKnownFileType = sourcecode.swift; path = PaginationViewController.swift; sourceTree = "<group>"; };
		4060EE84217330BF0076B372 /* CollapsableTabWithPagination.app */ = {isa = PBXFileReference; explicitFileType = wrapper.application; includeInIndex = 0; path = CollapsableTabWithPagination.app; sourceTree = BUILT_PRODUCTS_DIR; };
		4060EE87217330BF0076B372 /* AppDelegate.swift */ = {isa = PBXFileReference; lastKnownFileType = sourcecode.swift; path = AppDelegate.swift; sourceTree = "<group>"; };
		4060EE89217330BF0076B372 /* ViewController.swift */ = {isa = PBXFileReference; lastKnownFileType = sourcecode.swift; path = ViewController.swift; sourceTree = "<group>"; };
		4060EE8C217330BF0076B372 /* Base */ = {isa = PBXFileReference; lastKnownFileType = file.storyboard; name = Base; path = Base.lproj/Main.storyboard; sourceTree = "<group>"; };
		4060EE8E217330C10076B372 /* Assets.xcassets */ = {isa = PBXFileReference; lastKnownFileType = folder.assetcatalog; path = Assets.xcassets; sourceTree = "<group>"; };
		4060EE91217330C10076B372 /* Base */ = {isa = PBXFileReference; lastKnownFileType = file.storyboard; name = Base; path = Base.lproj/LaunchScreen.storyboard; sourceTree = "<group>"; };
		4060EE93217330C10076B372 /* Info.plist */ = {isa = PBXFileReference; lastKnownFileType = text.plist.xml; path = Info.plist; sourceTree = "<group>"; };
		4060EE98217330C10076B372 /* CollapsableTabWithPaginationTests.xctest */ = {isa = PBXFileReference; explicitFileType = wrapper.cfbundle; includeInIndex = 0; path = CollapsableTabWithPaginationTests.xctest; sourceTree = BUILT_PRODUCTS_DIR; };
		4060EE9C217330C10076B372 /* CollapsableTabOnNavViewTests.swift */ = {isa = PBXFileReference; lastKnownFileType = sourcecode.swift; path = CollapsableTabOnNavViewTests.swift; sourceTree = "<group>"; };
		4060EE9E217330C10076B372 /* Info.plist */ = {isa = PBXFileReference; lastKnownFileType = text.plist.xml; path = Info.plist; sourceTree = "<group>"; };
		4060EEA8217334670076B372 /* SegmentedCell.swift */ = {isa = PBXFileReference; fileEncoding = 4; lastKnownFileType = sourcecode.swift; path = SegmentedCell.swift; sourceTree = "<group>"; };
		4060EEA9217334670076B372 /* SegmentedCell.xib */ = {isa = PBXFileReference; fileEncoding = 4; lastKnownFileType = file.xib; path = SegmentedCell.xib; sourceTree = "<group>"; };
		4060EEAC217334990076B372 /* BaseCell.swift */ = {isa = PBXFileReference; lastKnownFileType = sourcecode.swift; path = BaseCell.swift; sourceTree = "<group>"; };
		4060EEAE217334DB0076B372 /* BaseModel.swift */ = {isa = PBXFileReference; lastKnownFileType = sourcecode.swift; path = BaseModel.swift; sourceTree = "<group>"; };
		4060EEB921748E380076B372 /* PickerView.swift */ = {isa = PBXFileReference; fileEncoding = 4; lastKnownFileType = sourcecode.swift; path = PickerView.swift; sourceTree = "<group>"; };
		4060EEBA21748E380076B372 /* PickerView.xib */ = {isa = PBXFileReference; fileEncoding = 4; lastKnownFileType = file.xib; path = PickerView.xib; sourceTree = "<group>"; };
		4060EEBD21748F130076B372 /* BaseView.swift */ = {isa = PBXFileReference; lastKnownFileType = sourcecode.swift; path = BaseView.swift; sourceTree = "<group>"; };
/* End PBXFileReference section */

/* Begin PBXFrameworksBuildPhase section */
		4060EE81217330BF0076B372 /* Frameworks */ = {
			isa = PBXFrameworksBuildPhase;
			buildActionMask = 2147483647;
			files = (
			);
			runOnlyForDeploymentPostprocessing = 0;
		};
		4060EE95217330C10076B372 /* Frameworks */ = {
			isa = PBXFrameworksBuildPhase;
			buildActionMask = 2147483647;
			files = (
			);
			runOnlyForDeploymentPostprocessing = 0;
		};
/* End PBXFrameworksBuildPhase section */

/* Begin PBXGroup section */
		4060EE7B217330BF0076B372 = {
			isa = PBXGroup;
			children = (
				4060EE86217330BF0076B372 /* CollapsableTabWithPagination */,
				4060EE9B217330C10076B372 /* CollapsableTabWithPaginationTests */,
				4060EE85217330BF0076B372 /* Products */,
			);
			sourceTree = "<group>";
		};
		4060EE85217330BF0076B372 /* Products */ = {
			isa = PBXGroup;
			children = (
				4060EE84217330BF0076B372 /* CollapsableTabWithPagination.app */,
				4060EE98217330C10076B372 /* CollapsableTabWithPaginationTests.xctest */,
			);
			name = Products;
			sourceTree = "<group>";
		};
		4060EE86217330BF0076B372 /* CollapsableTabWithPagination */ = {
			isa = PBXGroup;
			children = (
				4060EEB821748E380076B372 /* PickerView */,
				4060EEA7217334670076B372 /* SegmentCell */,
				4060EE87217330BF0076B372 /* AppDelegate.swift */,
				4060EE89217330BF0076B372 /* ViewController.swift */,
				4060EE8B217330BF0076B372 /* Main.storyboard */,
				4060EE8E217330C10076B372 /* Assets.xcassets */,
				4060EE90217330C10076B372 /* LaunchScreen.storyboard */,
				4060EE93217330C10076B372 /* Info.plist */,
				4060EEAE217334DB0076B372 /* BaseModel.swift */,
				4060EEBD21748F130076B372 /* BaseView.swift */,
				40280F8A217ADDB1003223BB /* PaginationViewController.swift */,
			);
			path = CollapsableTabWithPagination;
			sourceTree = "<group>";
		};
		4060EE9B217330C10076B372 /* CollapsableTabWithPaginationTests */ = {
			isa = PBXGroup;
			children = (
				4060EE9C217330C10076B372 /* CollapsableTabOnNavViewTests.swift */,
				4060EE9E217330C10076B372 /* Info.plist */,
			);
			path = CollapsableTabWithPaginationTests;
			sourceTree = "<group>";
		};
		4060EEA7217334670076B372 /* SegmentCell */ = {
			isa = PBXGroup;
			children = (
				4060EEA8217334670076B372 /* SegmentedCell.swift */,
				4060EEA9217334670076B372 /* SegmentedCell.xib */,
				4060EEAC217334990076B372 /* BaseCell.swift */,
			);
			path = SegmentCell;
			sourceTree = "<group>";
		};
		4060EEB821748E380076B372 /* PickerView */ = {
			isa = PBXGroup;
			children = (
				4060EEB921748E380076B372 /* PickerView.swift */,
				4060EEBA21748E380076B372 /* PickerView.xib */,
			);
			path = PickerView;
			sourceTree = "<group>";
		};
/* End PBXGroup section */

/* Begin PBXNativeTarget section */
		4060EE83217330BF0076B372 /* CollapsableTabWithPagination */ = {
			isa = PBXNativeTarget;
			buildConfigurationList = 4060EEA1217330C10076B372 /* Build configuration list for PBXNativeTarget "CollapsableTabWithPagination" */;
			buildPhases = (
				4060EE80217330BF0076B372 /* Sources */,
				4060EE81217330BF0076B372 /* Frameworks */,
				4060EE82217330BF0076B372 /* Resources */,
			);
			buildRules = (
			);
			dependencies = (
			);
			name = CollapsableTabWithPagination;
			productName = CollapsableTabOnNavView;
			productReference = 4060EE84217330BF0076B372 /* CollapsableTabWithPagination.app */;
			productType = "com.apple.product-type.application";
		};
		4060EE97217330C10076B372 /* CollapsableTabWithPaginationTests */ = {
			isa = PBXNativeTarget;
			buildConfigurationList = 4060EEA4217330C10076B372 /* Build configuration list for PBXNativeTarget "CollapsableTabWithPaginationTests" */;
			buildPhases = (
				4060EE94217330C10076B372 /* Sources */,
				4060EE95217330C10076B372 /* Frameworks */,
				4060EE96217330C10076B372 /* Resources */,
			);
			buildRules = (
			);
			dependencies = (
				4060EE9A217330C10076B372 /* PBXTargetDependency */,
			);
			name = CollapsableTabWithPaginationTests;
			productName = CollapsableTabOnNavViewTests;
			productReference = 4060EE98217330C10076B372 /* CollapsableTabWithPaginationTests.xctest */;
			productType = "com.apple.product-type.bundle.unit-test";
		};
/* End PBXNativeTarget section */

/* Begin PBXProject section */
		4060EE7C217330BF0076B372 /* Project object */ = {
			isa = PBXProject;
			attributes = {
				LastSwiftUpdateCheck = 0940;
				LastUpgradeCheck = 0940;
				ORGANIZATIONNAME = MiteSolution;
				TargetAttributes = {
					4060EE83217330BF0076B372 = {
						CreatedOnToolsVersion = 9.4.1;
					};
					4060EE97217330C10076B372 = {
						CreatedOnToolsVersion = 9.4.1;
						TestTargetID = 4060EE83217330BF0076B372;
					};
				};
			};
			buildConfigurationList = 4060EE7F217330BF0076B372 /* Build configuration list for PBXProject "CollapsableTabWithPagination" */;
			compatibilityVersion = "Xcode 9.3";
			developmentRegion = en;
			hasScannedForEncodings = 0;
			knownRegions = (
				en,
				Base,
			);
			mainGroup = 4060EE7B217330BF0076B372;
			productRefGroup = 4060EE85217330BF0076B372 /* Products */;
			projectDirPath = "";
			projectRoot = "";
			targets = (
				4060EE83217330BF0076B372 /* CollapsableTabWithPagination */,
				4060EE97217330C10076B372 /* CollapsableTabWithPaginationTests */,
			);
		};
/* End PBXProject section */

/* Begin PBXResourcesBuildPhase section */
		4060EE82217330BF0076B372 /* Resources */ = {
			isa = PBXResourcesBuildPhase;
			buildActionMask = 2147483647;
			files = (
				4060EEBC21748E380076B372 /* PickerView.xib in Resources */,
				4060EE92217330C10076B372 /* LaunchScreen.storyboard in Resources */,
				4060EE8F217330C10076B372 /* Assets.xcassets in Resources */,
				4060EEAB217334670076B372 /* SegmentedCell.xib in Resources */,
				4060EE8D217330BF0076B372 /* Main.storyboard in Resources */,
			);
			runOnlyForDeploymentPostprocessing = 0;
		};
		4060EE96217330C10076B372 /* Resources */ = {
			isa = PBXResourcesBuildPhase;
			buildActionMask = 2147483647;
			files = (
			);
			runOnlyForDeploymentPostprocessing = 0;
		};
/* End PBXResourcesBuildPhase section */

/* Begin PBXSourcesBuildPhase section */
		4060EE80217330BF0076B372 /* Sources */ = {
			isa = PBXSourcesBuildPhase;
			buildActionMask = 2147483647;
			files = (
				4060EEAD217334990076B372 /* BaseCell.swift in Sources */,
				4060EE8A217330BF0076B372 /* ViewController.swift in Sources */,
				4060EE88217330BF0076B372 /* AppDelegate.swift in Sources */,
				4060EEAA217334670076B372 /* SegmentedCell.swift in Sources */,
				4060EEBB21748E380076B372 /* PickerView.swift in Sources */,
				4060EEAF217334DB0076B372 /* BaseModel.swift in Sources */,
				4060EEBE21748F130076B372 /* BaseView.swift in Sources */,
				40280F8B217ADDB1003223BB /* PaginationViewController.swift in Sources */,
			);
			runOnlyForDeploymentPostprocessing = 0;
		};
		4060EE94217330C10076B372 /* Sources */ = {
			isa = PBXSourcesBuildPhase;
			buildActionMask = 2147483647;
			files = (
				4060EE9D217330C10076B372 /* CollapsableTabOnNavViewTests.swift in Sources */,
			);
			runOnlyForDeploymentPostprocessing = 0;
		};
/* End PBXSourcesBuildPhase section */

/* Begin PBXTargetDependency section */
		4060EE9A217330C10076B372 /* PBXTargetDependency */ = {
			isa = PBXTargetDependency;
			target = 4060EE83217330BF0076B372 /* CollapsableTabWithPagination */;
			targetProxy = 4060EE99217330C10076B372 /* PBXContainerItemProxy */;
		};
/* End PBXTargetDependency section */

/* Begin PBXVariantGroup section */
		4060EE8B217330BF0076B372 /* Main.storyboard */ = {
			isa = PBXVariantGroup;
			children = (
				4060EE8C217330BF0076B372 /* Base */,
			);
			name = Main.storyboard;
			sourceTree = "<group>";
		};
		4060EE90217330C10076B372 /* LaunchScreen.storyboard */ = {
			isa = PBXVariantGroup;
			children = (
				4060EE91217330C10076B372 /* Base */,
			);
			name = LaunchScreen.storyboard;
			sourceTree = "<group>";
		};
/* End PBXVariantGroup section */

/* Begin XCBuildConfiguration section */
		4060EE9F217330C10076B372 /* Debug */ = {
			isa = XCBuildConfiguration;
			buildSettings = {
				ALWAYS_SEARCH_USER_PATHS = NO;
				CLANG_ANALYZER_NONNULL = YES;
				CLANG_ANALYZER_NUMBER_OBJECT_CONVERSION = YES_AGGRESSIVE;
				CLANG_CXX_LANGUAGE_STANDARD = "gnu++14";
				CLANG_CXX_LIBRARY = "libc++";
				CLANG_ENABLE_MODULES = YES;
				CLANG_ENABLE_OBJC_ARC = YES;
				CLANG_ENABLE_OBJC_WEAK = YES;
				CLANG_WARN_BLOCK_CAPTURE_AUTORELEASING = YES;
				CLANG_WARN_BOOL_CONVERSION = YES;
				CLANG_WARN_COMMA = YES;
				CLANG_WARN_CONSTANT_CONVERSION = YES;
				CLANG_WARN_DEPRECATED_OBJC_IMPLEMENTATIONS = YES;
				CLANG_WARN_DIRECT_OBJC_ISA_USAGE = YES_ERROR;
				CLANG_WARN_DOCUMENTATION_COMMENTS = YES;
				CLANG_WARN_EMPTY_BODY = YES;
				CLANG_WARN_ENUM_CONVERSION = YES;
				CLANG_WARN_INFINITE_RECURSION = YES;
				CLANG_WARN_INT_CONVERSION = YES;
				CLANG_WARN_NON_LITERAL_NULL_CONVERSION = YES;
				CLANG_WARN_OBJC_IMPLICIT_RETAIN_SELF = YES;
				CLANG_WARN_OBJC_LITERAL_CONVERSION = YES;
				CLANG_WARN_OBJC_ROOT_CLASS = YES_ERROR;
				CLANG_WARN_RANGE_LOOP_ANALYSIS = YES;
				CLANG_WARN_STRICT_PROTOTYPES = YES;
				CLANG_WARN_SUSPICIOUS_MOVE = YES;
				CLANG_WARN_UNGUARDED_AVAILABILITY = YES_AGGRESSIVE;
				CLANG_WARN_UNREACHABLE_CODE = YES;
				CLANG_WARN__DUPLICATE_METHOD_MATCH = YES;
				CODE_SIGN_IDENTITY = "iPhone Developer";
				COPY_PHASE_STRIP = NO;
				DEBUG_INFORMATION_FORMAT = dwarf;
				ENABLE_STRICT_OBJC_MSGSEND = YES;
				ENABLE_TESTABILITY = YES;
				GCC_C_LANGUAGE_STANDARD = gnu11;
				GCC_DYNAMIC_NO_PIC = NO;
				GCC_NO_COMMON_BLOCKS = YES;
				GCC_OPTIMIZATION_LEVEL = 0;
				GCC_PREPROCESSOR_DEFINITIONS = (
					"DEBUG=1",
					"$(inherited)",
				);
				GCC_WARN_64_TO_32_BIT_CONVERSION = YES;
				GCC_WARN_ABOUT_RETURN_TYPE = YES_ERROR;
				GCC_WARN_UNDECLARED_SELECTOR = YES;
				GCC_WARN_UNINITIALIZED_AUTOS = YES_AGGRESSIVE;
				GCC_WARN_UNUSED_FUNCTION = YES;
				GCC_WARN_UNUSED_VARIABLE = YES;
				IPHONEOS_DEPLOYMENT_TARGET = 11.4;
				MTL_ENABLE_DEBUG_INFO = YES;
				ONLY_ACTIVE_ARCH = YES;
				SDKROOT = iphoneos;
				SWIFT_ACTIVE_COMPILATION_CONDITIONS = DEBUG;
				SWIFT_OPTIMIZATION_LEVEL = "-Onone";
			};
			name = Debug;
		};
		4060EEA0217330C10076B372 /* Release */ = {
			isa = XCBuildConfiguration;
			buildSettings = {
				ALWAYS_SEARCH_USER_PATHS = NO;
				CLANG_ANALYZER_NONNULL = YES;
				CLANG_ANALYZER_NUMBER_OBJECT_CONVERSION = YES_AGGRESSIVE;
				CLANG_CXX_LANGUAGE_STANDARD = "gnu++14";
				CLANG_CXX_LIBRARY = "libc++";
				CLANG_ENABLE_MODULES = YES;
				CLANG_ENABLE_OBJC_ARC = YES;
				CLANG_ENABLE_OBJC_WEAK = YES;
				CLANG_WARN_BLOCK_CAPTURE_AUTORELEASING = YES;
				CLANG_WARN_BOOL_CONVERSION = YES;
				CLANG_WARN_COMMA = YES;
				CLANG_WARN_CONSTANT_CONVERSION = YES;
				CLANG_WARN_DEPRECATED_OBJC_IMPLEMENTATIONS = YES;
				CLANG_WARN_DIRECT_OBJC_ISA_USAGE = YES_ERROR;
				CLANG_WARN_DOCUMENTATION_COMMENTS = YES;
				CLANG_WARN_EMPTY_BODY = YES;
				CLANG_WARN_ENUM_CONVERSION = YES;
				CLANG_WARN_INFINITE_RECURSION = YES;
				CLANG_WARN_INT_CONVERSION = YES;
				CLANG_WARN_NON_LITERAL_NULL_CONVERSION = YES;
				CLANG_WARN_OBJC_IMPLICIT_RETAIN_SELF = YES;
				CLANG_WARN_OBJC_LITERAL_CONVERSION = YES;
				CLANG_WARN_OBJC_ROOT_CLASS = YES_ERROR;
				CLANG_WARN_RANGE_LOOP_ANALYSIS = YES;
				CLANG_WARN_STRICT_PROTOTYPES = YES;
				CLANG_WARN_SUSPICIOUS_MOVE = YES;
				CLANG_WARN_UNGUARDED_AVAILABILITY = YES_AGGRESSIVE;
				CLANG_WARN_UNREACHABLE_CODE = YES;
				CLANG_WARN__DUPLICATE_METHOD_MATCH = YES;
				CODE_SIGN_IDENTITY = "iPhone Developer";
				COPY_PHASE_STRIP = NO;
				DEBUG_INFORMATION_FORMAT = "dwarf-with-dsym";
				ENABLE_NS_ASSERTIONS = NO;
				ENABLE_STRICT_OBJC_MSGSEND = YES;
				GCC_C_LANGUAGE_STANDARD = gnu11;
				GCC_NO_COMMON_BLOCKS = YES;
				GCC_WARN_64_TO_32_BIT_CONVERSION = YES;
				GCC_WARN_ABOUT_RETURN_TYPE = YES_ERROR;
				GCC_WARN_UNDECLARED_SELECTOR = YES;
				GCC_WARN_UNINITIALIZED_AUTOS = YES_AGGRESSIVE;
				GCC_WARN_UNUSED_FUNCTION = YES;
				GCC_WARN_UNUSED_VARIABLE = YES;
				IPHONEOS_DEPLOYMENT_TARGET = 11.4;
				MTL_ENABLE_DEBUG_INFO = NO;
				SDKROOT = iphoneos;
				SWIFT_COMPILATION_MODE = wholemodule;
				SWIFT_OPTIMIZATION_LEVEL = "-O";
				VALIDATE_PRODUCT = YES;
			};
			name = Release;
		};
		4060EEA2217330C10076B372 /* Debug */ = {
			isa = XCBuildConfiguration;
			buildSettings = {
				ASSETCATALOG_COMPILER_APPICON_NAME = AppIcon;
				CODE_SIGN_STYLE = Automatic;
				INFOPLIST_FILE = "$(SRCROOT)/CollapsableTabWithPagination/Info.plist";
				LD_RUNPATH_SEARCH_PATHS = (
					"$(inherited)",
					"@executable_path/Frameworks",
				);
				PRODUCT_BUNDLE_IDENTIFIER = com.shamil.CollapsableTabOnNavView;
				PRODUCT_NAME = "$(TARGET_NAME)";
				SWIFT_VERSION = 4.0;
				TARGETED_DEVICE_FAMILY = "1,2";
			};
			name = Debug;
		};
		4060EEA3217330C10076B372 /* Release */ = {
			isa = XCBuildConfiguration;
			buildSettings = {
				ASSETCATALOG_COMPILER_APPICON_NAME = AppIcon;
				CODE_SIGN_STYLE = Automatic;
				INFOPLIST_FILE = "$(SRCROOT)/CollapsableTabWithPagination/Info.plist";
				LD_RUNPATH_SEARCH_PATHS = (
					"$(inherited)",
					"@executable_path/Frameworks",
				);
				PRODUCT_BUNDLE_IDENTIFIER = com.shamil.CollapsableTabOnNavView;
				PRODUCT_NAME = "$(TARGET_NAME)";
				SWIFT_VERSION = 4.0;
				TARGETED_DEVICE_FAMILY = "1,2";
			};
			name = Release;
		};
		4060EEA5217330C10076B372 /* Debug */ = {
			isa = XCBuildConfiguration;
			buildSettings = {
				ALWAYS_EMBED_SWIFT_STANDARD_LIBRARIES = YES;
				BUNDLE_LOADER = "$(TEST_HOST)";
				CODE_SIGN_STYLE = Automatic;
				INFOPLIST_FILE = CollapsableTabOnNavViewTests/Info.plist;
				LD_RUNPATH_SEARCH_PATHS = (
					"$(inherited)",
					"@executable_path/Frameworks",
					"@loader_path/Frameworks",
				);
				PRODUCT_BUNDLE_IDENTIFIER = com.shamil.CollapsableTabOnNavViewTests;
				PRODUCT_NAME = "$(TARGET_NAME)";
				SWIFT_VERSION = 4.0;
				TARGETED_DEVICE_FAMILY = "1,2";
				TEST_HOST = "$(BUILT_PRODUCTS_DIR)/CollapsableTabWithPagination.app/CollapsableTabWithPagination";
			};
			name = Debug;
		};
		4060EEA6217330C10076B372 /* Release */ = {
			isa = XCBuildConfiguration;
			buildSettings = {
				ALWAYS_EMBED_SWIFT_STANDARD_LIBRARIES = YES;
				BUNDLE_LOADER = "$(TEST_HOST)";
				CODE_SIGN_STYLE = Automatic;
				INFOPLIST_FILE = CollapsableTabOnNavViewTests/Info.plist;
				LD_RUNPATH_SEARCH_PATHS = (
					"$(inherited)",
					"@executable_path/Frameworks",
					"@loader_path/Frameworks",
				);
				PRODUCT_BUNDLE_IDENTIFIER = com.shamil.CollapsableTabOnNavViewTests;
				PRODUCT_NAME = "$(TARGET_NAME)";
				SWIFT_VERSION = 4.0;
				TARGETED_DEVICE_FAMILY = "1,2";
				TEST_HOST = "$(BUILT_PRODUCTS_DIR)/CollapsableTabWithPagination.app/CollapsableTabWithPagination";
			};
			name = Release;
		};
/* End XCBuildConfiguration section */

/* Begin XCConfigurationList section */
		4060EE7F217330BF0076B372 /* Build configuration list for PBXProject "CollapsableTabWithPagination" */ = {
			isa = XCConfigurationList;
			buildConfigurations = (
				4060EE9F217330C10076B372 /* Debug */,
				4060EEA0217330C10076B372 /* Release */,
			);
			defaultConfigurationIsVisible = 0;
			defaultConfigurationName = Release;
		};
		4060EEA1217330C10076B372 /* Build configuration list for PBXNativeTarget "CollapsableTabWithPagination" */ = {
			isa = XCConfigurationList;
			buildConfigurations = (
				4060EEA2217330C10076B372 /* Debug */,
				4060EEA3217330C10076B372 /* Release */,
			);
			defaultConfigurationIsVisible = 0;
			defaultConfigurationName = Release;
		};
		4060EEA4217330C10076B372 /* Build configuration list for PBXNativeTarget "CollapsableTabWithPaginationTests" */ = {
			isa = XCConfigurationList;
			buildConfigurations = (
				4060EEA5217330C10076B372 /* Debug */,
				4060EEA6217330C10076B372 /* Release */,
			);
			defaultConfigurationIsVisible = 0;
			defaultConfigurationName = Release;
		};
/* End XCConfigurationList section */
	};
	rootObject = 4060EE7C217330BF0076B372 /* Project object */;
}
